
Microsoft Visual Studio Solution File, Format Version 12.00
Project("{FAE04EC0-301F-11D3-BF4B-00C04F79EFBC}") = "StrykerTest", "StrykerTest\StrykerTest.csproj", "{C3F48848-9ECC-47FD-8D4D-8ED179AB6FE9}"
EndProject
Project("{FAE04EC0-301F-11D3-BF4B-00C04F79EFBC}") = "ClassLibrary1", "ClassLibrary1\ClassLibrary1.csproj", "{4D49294A-3399-44B2-8E38-A6D2E4CADAC2}"
EndProject
Global
	GlobalSection(SolutionConfigurationPlatforms) = preSolution
		Debug|Any CPU = Debug|Any CPU
		Release|Any CPU = Release|Any CPU
	EndGlobalSection
	GlobalSection(ProjectConfigurationPlatforms) = postSolution
		{C3F48848-9ECC-47FD-8D4D-8ED179AB6FE9}.Debug|Any CPU.ActiveCfg = Debug|Any CPU
		{C3F48848-9ECC-47FD-8D4D-8ED179AB6FE9}.Debug|Any CPU.Build.0 = Debug|Any CPU
		{C3F48848-9ECC-47FD-8D4D-8ED179AB6FE9}.Release|Any CPU.ActiveCfg = Release|Any CPU
		{C3F48848-9ECC-47FD-8D4D-8ED179AB6FE9}.Release|Any CPU.Build.0 = Release|Any CPU
		{4D49294A-3399-44B2-8E38-A6D2E4CADAC2}.Debug|Any CPU.ActiveCfg = Debug|Any CPU
		{4D49294A-3399-44B2-8E38-A6D2E4CADAC2}.Debug|Any CPU.Build.0 = Debug|Any CPU
		{4D49294A-3399-44B2-8E38-A6D2E4CADAC2}.Release|Any CPU.ActiveCfg = Release|Any CPU
		{4D49294A-3399-44B2-8E38-A6D2E4CADAC2}.Release|Any CPU.Build.0 = Release|Any CPU
	EndGlobalSection
EndGlobal
